<?xml version="1.0" encoding="utf-8"?>
<Project ToolsVersion="4.0" xmlns="http://schemas.microsoft.com/developer/msbuild/2003">
  <ItemGroup>
    <Filter Include="Source Files">
      <UniqueIdentifier>{4FC737F1-C7A5-4376-A066-2A32D752A2FF}</UniqueIdentifier>
      <Extensions>cpp;c;cc;cxx;def;odl;idl;hpj;bat;asm;asmx</Extensions>
    </Filter>
    <Filter Include="Source Files\Render">
      <UniqueIdentifier>{88d7fbb5-658e-47c9-a938-676470bd7742}</UniqueIdentifier>
    </Filter>
    <Filter Include="Source Files\Media">
      <UniqueIdentifier>{c4f29c36-2124-4d1a-9413-b49e452746cf}</UniqueIdentifier>
    </Filter>
    <Filter Include="Header Files">
      <UniqueIdentifier>{93995380-89BD-4b04-88EB-625FBE52EBFB}</UniqueIdentifier>
      <Extensions>h;hpp;hxx;hm;inl;inc;xsd</Extensions>
    </Filter>
    <Filter Include="Header Files\Render">
      <UniqueIdentifier>{9540a154-787c-4e27-96bd-5a7bb2d023b4}</UniqueIdentifier>
    </Filter>
    <Filter Include="Header Files\Media">
      <UniqueIdentifier>{b9a32fed-b54a-4b55-8f55-3b2f95c85195}</UniqueIdentifier>
    </Filter>
    <Filter Include="Resource Files">
      <UniqueIdentifier>{67DA6AB6-F800-4c08-8B7A-83BB121AAD01}</UniqueIdentifier>
      <Extensions>rc;ico;cur;bmp;dlg;rc2;rct;bin;rgs;gif;jpg;jpeg;jpe;resx;tiff;tif;png;wav</Extensions>
    </Filter>
  </ItemGroup>
  <ItemGroup>
    <ClCompile Include="CheckPass.cpp">
      <Filter>Source Files</Filter>
    </ClCompile>
    <ClCompile Include="Execute32Bit.cpp">
      <Filter>Source Files</Filter>
    </ClCompile>
    <ClCompile Include="ExternalCallbacks.cpp">
      <Filter>Source Files</Filter>
    </ClCompile>
    <ClCompile Include="SysCall.cpp">
      <Filter>Source Files</Filter>
    </ClCompile>
    <ClCompile Include="ThreadManager.cpp">
      <Filter>Source Files</Filter>
    </ClCompile>
    <ClCompile Include="WebVM.cpp">
      <Filter>Source Files</Filter>
    </ClCompile>
    <ClCompile Include="Render\RenderDefault.cpp">
      <Filter>Source Files\Render</Filter>
    </ClCompile>
    <ClCompile Include="Render\SysCallRender.cpp">
      <Filter>Source Files\Render</Filter>
    </ClCompile>
    <ClCompile Include="Media\jpeg_decoder.cpp">
      <Filter>Source Files\Media</Filter>
    </ClCompile>
    <ClCompile Include="Media\SysCallFile.cpp">
      <Filter>Source Files\Media</Filter>
    </ClCompile>
    <ClCompile Include="Media\SysCallMedia.cpp">
      <Filter>Source Files\Media</Filter>
    </ClCompile>
  </ItemGroup>
  <ItemGroup>
    <ClInclude Include="Execute32Bit.h">
      <Filter>Header Files</Filter>
    </ClInclude>
    <ClInclude Include="SysCall.h">
      <Filter>Header Files</Filter>
    </ClInclude>
    <ClInclude Include="SysCallTable.h">
      <Filter>Header Files</Filter>
    </ClInclude>
    <ClInclude Include="ThreadManager.h">
      <Filter>Header Files</Filter>
    </ClInclude>
    <ClInclude Include="WebVM.h">
      <Filter>Header Files</Filter>
    </ClInclude>
    <ClInclude Include="Render\RenderDefault.h">
      <Filter>Header Files\Render</Filter>
    </ClInclude>
    <ClInclude Include="Media\SysCallFile.h">
      <Filter>Header Files\Media</Filter>
    </ClInclude>
    <ClInclude Include="Media\SysCallMedia.h">
      <Filter>Header Files\Media</Filter>
    </ClInclude>
  </ItemGroup>
</Project>